
Microsoft Visual Studio Solution File, Format Version 12.00
# Visual Studio Version 16
VisualStudioVersion = 16.0.30413.136
MinimumVisualStudioVersion = 10.0.40219.1
Project("{FAE04EC0-301F-11D3-BF4B-00C04F79EFBC}") = "BotoxCore", "BotoxCore\BotoxCore.csproj", "{B956BA96-43A8-415E-8A53-0349AAEFC200}"
EndProject
Global
	GlobalSection(SolutionConfigurationPlatforms) = preSolution
		Debug|Any CPU = Debug|Any CPU
		Release|Any CPU = Release|Any CPU
	EndGlobalSection
	GlobalSection(ProjectConfigurationPlatforms) = postSolution
		{B956BA96-43A8-415E-8A53-0349AAEFC200}.Debug|Any CPU.ActiveCfg = Debug|Any CPU
		{B956BA96-43A8-415E-8A53-0349AAEFC200}.Debug|Any CPU.Build.0 = Debug|Any CPU
		{B956BA96-43A8-415E-8A53-0349AAEFC200}.Release|Any CPU.ActiveCfg = Release|Any CPU
		{B956BA96-43A8-415E-8A53-0349AAEFC200}.Release|Any CPU.Build.0 = Release|Any CPU
	EndGlobalSection
	GlobalSection(SolutionProperties) = preSolution
		HideSolutionNode = FALSE
	EndGlobalSection
	GlobalSection(ExtensibilityGlobals) = postSolution
		SolutionGuid = {67D37ECA-EE6A-4917-9EA1-0F34EED39F99}
	EndGlobalSection
EndGlobal
